// !$*UTF8*$!
{
	archiveVersion = 1;
	classes = {
	};
	objectVersion = 77;
	objects = {

/* Begin PBXBuildFile section */
		3486D4E02CCEF7EA00049B63 /* Kingfisher in Frameworks */ = {isa = PBXBuildFile; productRef = 3486D4DF2CCEF7EA00049B63 /* Kingfisher */; };
		34C4DD5D2CCA30D200BB856B /* SwiftSoup in Frameworks */ = {isa = PBXBuildFile; productRef = 34C4DD5C2CCA30D200BB856B /* SwiftSoup */; };
/* End PBXBuildFile section */

/* Begin PBXContainerItemProxy section */
		3421DD1E2CCA1C4C00A6598B /* PBXContainerItemProxy */ = {
			isa = PBXContainerItemProxy;
			containerPortal = 3421DD052CCA1C4A00A6598B /* Project object */;
			proxyType = 1;
			remoteGlobalIDString = 3421DD0C2CCA1C4A00A6598B;
			remoteInfo = FetchMobileTakeHomeProject;
		};
		3421DD282CCA1C4C00A6598B /* PBXContainerItemProxy */ = {
			isa = PBXContainerItemProxy;
			containerPortal = 3421DD052CCA1C4A00A6598B /* Project object */;
			proxyType = 1;
			remoteGlobalIDString = 3421DD0C2CCA1C4A00A6598B;
			remoteInfo = FetchMobileTakeHomeProject;
		};
/* End PBXContainerItemProxy section */

/* Begin PBXFileReference section */
		3421DD0D2CCA1C4A00A6598B /* FetchMobileTakeHomeProject.app */ = {isa = PBXFileReference; explicitFileType = wrapper.application; includeInIndex = 0; path = FetchMobileTakeHomeProject.app; sourceTree = BUILT_PRODUCTS_DIR; };
		3421DD1D2CCA1C4C00A6598B /* FetchMobileTakeHomeProjectTests.xctest */ = {isa = PBXFileReference; explicitFileType = wrapper.cfbundle; includeInIndex = 0; path = FetchMobileTakeHomeProjectTests.xctest; sourceTree = BUILT_PRODUCTS_DIR; };
		3421DD272CCA1C4C00A6598B /* FetchMobileTakeHomeProjectUITests.xctest */ = {isa = PBXFileReference; explicitFileType = wrapper.cfbundle; includeInIndex = 0; path = FetchMobileTakeHomeProjectUITests.xctest; sourceTree = BUILT_PRODUCTS_DIR; };
/* End PBXFileReference section */

/* Begin PBXFileSystemSynchronizedBuildFileExceptionSet section */
		34FC615F2CCC55C3009CA5BA /* Exceptions for "FetchMobileTakeHomeProject" folder in "FetchMobileTakeHomeProjectTests" target */ = {
			isa = PBXFileSystemSynchronizedBuildFileExceptionSet;
			membershipExceptions = (
				MainViewModel.swift,
			);
			target = 3421DD1C2CCA1C4C00A6598B /* FetchMobileTakeHomeProjectTests */;
		};
/* End PBXFileSystemSynchronizedBuildFileExceptionSet section */

/* Begin PBXFileSystemSynchronizedRootGroup section */
		3421DD0F2CCA1C4A00A6598B /* FetchMobileTakeHomeProject */ = {
			isa = PBXFileSystemSynchronizedRootGroup;
			exceptions = (
				34FC615F2CCC55C3009CA5BA /* Exceptions for "FetchMobileTakeHomeProject" folder in "FetchMobileTakeHomeProjectTests" target */,
			);
			path = FetchMobileTakeHomeProject;
			sourceTree = "<group>";
		};
		3421DD202CCA1C4C00A6598B /* FetchMobileTakeHomeProjectTests */ = {
			isa = PBXFileSystemSynchronizedRootGroup;
			path = FetchMobileTakeHomeProjectTests;
			sourceTree = "<group>";
		};
		3421DD2A2CCA1C4C00A6598B /* FetchMobileTakeHomeProjectUITests */ = {
			isa = PBXFileSystemSynchronizedRootGroup;
			path = FetchMobileTakeHomeProjectUITests;
			sourceTree = "<group>";
		};
/* End PBXFileSystemSynchronizedRootGroup section */

/* Begin PBXFrameworksBuildPhase section */
		3421DD0A2CCA1C4A00A6598B /* Frameworks */ = {
			isa = PBXFrameworksBuildPhase;
			buildActionMask = 2147483647;
			files = (
				3486D4E02CCEF7EA00049B63 /* Kingfisher in Frameworks */,
				34C4DD5D2CCA30D200BB856B /* SwiftSoup in Frameworks */,
			);
			runOnlyForDeploymentPostprocessing = 0;
		};
		3421DD1A2CCA1C4C00A6598B /* Frameworks */ = {
			isa = PBXFrameworksBuildPhase;
			buildActionMask = 2147483647;
			files = (
			);
			runOnlyForDeploymentPostprocessing = 0;
		};
		3421DD242CCA1C4C00A6598B /* Frameworks */ = {
			isa = PBXFrameworksBuildPhase;
			buildActionMask = 2147483647;
			files = (
			);
			runOnlyForDeploymentPostprocessing = 0;
		};
/* End PBXFrameworksBuildPhase section */

/* Begin PBXGroup section */
		3421DD042CCA1C4A00A6598B = {
			isa = PBXGroup;
			children = (
				3421DD0F2CCA1C4A00A6598B /* FetchMobileTakeHomeProject */,
				3421DD202CCA1C4C00A6598B /* FetchMobileTakeHomeProjectTests */,
				3421DD2A2CCA1C4C00A6598B /* FetchMobileTakeHomeProjectUITests */,
				3421DD0E2CCA1C4A00A6598B /* Products */,
			);
			sourceTree = "<group>";
		};
		3421DD0E2CCA1C4A00A6598B /* Products */ = {
			isa = PBXGroup;
			children = (
				3421DD0D2CCA1C4A00A6598B /* FetchMobileTakeHomeProject.app */,
				3421DD1D2CCA1C4C00A6598B /* FetchMobileTakeHomeProjectTests.xctest */,
				3421DD272CCA1C4C00A6598B /* FetchMobileTakeHomeProjectUITests.xctest */,
			);
			name = Products;
			sourceTree = "<group>";
		};
/* End PBXGroup section */

/* Begin PBXNativeTarget section */
		3421DD0C2CCA1C4A00A6598B /* FetchMobileTakeHomeProject */ = {
			isa = PBXNativeTarget;
			buildConfigurationList = 3421DD312CCA1C4C00A6598B /* Build configuration list for PBXNativeTarget "FetchMobileTakeHomeProject" */;
			buildPhases = (
				3421DD092CCA1C4A00A6598B /* Sources */,
				3421DD0A2CCA1C4A00A6598B /* Frameworks */,
				3421DD0B2CCA1C4A00A6598B /* Resources */,
			);
			buildRules = (
			);
			dependencies = (
			);
			fileSystemSynchronizedGroups = (
				3421DD0F2CCA1C4A00A6598B /* FetchMobileTakeHomeProject */,
			);
			name = FetchMobileTakeHomeProject;
			packageProductDependencies = (
				34C4DD5C2CCA30D200BB856B /* SwiftSoup */,
				3486D4DF2CCEF7EA00049B63 /* Kingfisher */,
			);
			productName = FetchMobileTakeHomeProject;
			productReference = 3421DD0D2CCA1C4A00A6598B /* FetchMobileTakeHomeProject.app */;
			productType = "com.apple.product-type.application";
		};
		3421DD1C2CCA1C4C00A6598B /* FetchMobileTakeHomeProjectTests */ = {
			isa = PBXNativeTarget;
			buildConfigurationList = 3421DD342CCA1C4C00A6598B /* Build configuration list for PBXNativeTarget "FetchMobileTakeHomeProjectTests" */;
			buildPhases = (
				3421DD192CCA1C4C00A6598B /* Sources */,
				3421DD1A2CCA1C4C00A6598B /* Frameworks */,
				3421DD1B2CCA1C4C00A6598B /* Resources */,
			);
			buildRules = (
			);
			dependencies = (
				3421DD1F2CCA1C4C00A6598B /* PBXTargetDependency */,
			);
			fileSystemSynchronizedGroups = (
				3421DD202CCA1C4C00A6598B /* FetchMobileTakeHomeProjectTests */,
			);
			name = FetchMobileTakeHomeProjectTests;
			packageProductDependencies = (
			);
			productName = FetchMobileTakeHomeProjectTests;
			productReference = 3421DD1D2CCA1C4C00A6598B /* FetchMobileTakeHomeProjectTests.xctest */;
			productType = "com.apple.product-type.bundle.unit-test";
		};
		3421DD262CCA1C4C00A6598B /* FetchMobileTakeHomeProjectUITests */ = {
			isa = PBXNativeTarget;
			buildConfigurationList = 3421DD372CCA1C4C00A6598B /* Build configuration list for PBXNativeTarget "FetchMobileTakeHomeProjectUITests" */;
			buildPhases = (
				3421DD232CCA1C4C00A6598B /* Sources */,
				3421DD242CCA1C4C00A6598B /* Frameworks */,
				3421DD252CCA1C4C00A6598B /* Resources */,
			);
			buildRules = (
			);
			dependencies = (
				3421DD292CCA1C4C00A6598B /* PBXTargetDependency */,
			);
			fileSystemSynchronizedGroups = (
				3421DD2A2CCA1C4C00A6598B /* FetchMobileTakeHomeProjectUITests */,
			);
			name = FetchMobileTakeHomeProjectUITests;
			packageProductDependencies = (
			);
			productName = FetchMobileTakeHomeProjectUITests;
			productReference = 3421DD272CCA1C4C00A6598B /* FetchMobileTakeHomeProjectUITests.xctest */;
			productType = "com.apple.product-type.bundle.ui-testing";
		};
/* End PBXNativeTarget section */

/* Begin PBXProject section */
		3421DD052CCA1C4A00A6598B /* Project object */ = {
			isa = PBXProject;
			attributes = {
				BuildIndependentTargetsInParallel = 1;
				LastSwiftUpdateCheck = 1600;
				LastUpgradeCheck = 1600;
				TargetAttributes = {
					3421DD0C2CCA1C4A00A6598B = {
						CreatedOnToolsVersion = 16.0;
					};
					3421DD1C2CCA1C4C00A6598B = {
						CreatedOnToolsVersion = 16.0;
						TestTargetID = 3421DD0C2CCA1C4A00A6598B;
					};
					3421DD262CCA1C4C00A6598B = {
						CreatedOnToolsVersion = 16.0;
						TestTargetID = 3421DD0C2CCA1C4A00A6598B;
					};
				};
			};
			buildConfigurationList = 3421DD082CCA1C4A00A6598B /* Build configuration list for PBXProject "FetchMobileTakeHomeProject" */;
			developmentRegion = en;
			hasScannedForEncodings = 0;
			knownRegions = (
				en,
				Base,
			);
			mainGroup = 3421DD042CCA1C4A00A6598B;
			minimizedProjectReferenceProxies = 1;
			packageReferences = (
				34C4DD5B2CCA30D200BB856B /* XCRemoteSwiftPackageReference "SwiftSoup" */,
				3403999E2CCC6C9000AF2AC0 /* XCRemoteSwiftPackageReference "Kingfisher" */,
			);
			preferredProjectObjectVersion = 77;
			productRefGroup = 3421DD0E2CCA1C4A00A6598B /* Products */;
			projectDirPath = "";
			projectRoot = "";
			targets = (
				3421DD0C2CCA1C4A00A6598B /* FetchMobileTakeHomeProject */,
				3421DD1C2CCA1C4C00A6598B /* FetchMobileTakeHomeProjectTests */,
				3421DD262CCA1C4C00A6598B /* FetchMobileTakeHomeProjectUITests */,
			);
		};
/* End PBXProject section */

/* Begin PBXResourcesBuildPhase section */
		3421DD0B2CCA1C4A00A6598B /* Resources */ = {
			isa = PBXResourcesBuildPhase;
			buildActionMask = 2147483647;
			files = (
			);
			runOnlyForDeploymentPostprocessing = 0;
		};
		3421DD1B2CCA1C4C00A6598B /* Resources */ = {
			isa = PBXResourcesBuildPhase;
			buildActionMask = 2147483647;
			files = (
			);
			runOnlyForDeploymentPostprocessing = 0;
		};
		3421DD252CCA1C4C00A6598B /* Resources */ = {
			isa = PBXResourcesBuildPhase;
			buildActionMask = 2147483647;
			files = (
			);
			runOnlyForDeploymentPostprocessing = 0;
		};
/* End PBXResourcesBuildPhase section */

/* Begin PBXSourcesBuildPhase section */
		3421DD092CCA1C4A00A6598B /* Sources */ = {
			isa = PBXSourcesBuildPhase;
			buildActionMask = 2147483647;
			files = (
			);
			runOnlyForDeploymentPostprocessing = 0;
		};
		3421DD192CCA1C4C00A6598B /* Sources */ = {
			isa = PBXSourcesBuildPhase;
			buildActionMask = 2147483647;
			files = (
			);
			runOnlyForDeploymentPostprocessing = 0;
		};
		3421DD232CCA1C4C00A6598B /* Sources */ = {
			isa = PBXSourcesBuildPhase;
			buildActionMask = 2147483647;
			files = (
			);
			runOnlyForDeploymentPostprocessing = 0;
		};
/* End PBXSourcesBuildPhase section */

/* Begin PBXTargetDependency section */
		3421DD1F2CCA1C4C00A6598B /* PBXTargetDependency */ = {
			isa = PBXTargetDependency;
			target = 3421DD0C2CCA1C4A00A6598B /* FetchMobileTakeHomeProject */;
			targetProxy = 3421DD1E2CCA1C4C00A6598B /* PBXContainerItemProxy */;
		};
		3421DD292CCA1C4C00A6598B /* PBXTargetDependency */ = {
			isa = PBXTargetDependency;
			target = 3421DD0C2CCA1C4A00A6598B /* FetchMobileTakeHomeProject */;
			targetProxy = 3421DD282CCA1C4C00A6598B /* PBXContainerItemProxy */;
		};
/* End PBXTargetDependency section */

/* Begin XCBuildConfiguration section */
		3421DD2F2CCA1C4C00A6598B /* Debug */ = {
			isa = XCBuildConfiguration;
			buildSettings = {
				ALWAYS_SEARCH_USER_PATHS = NO;
				ASSETCATALOG_COMPILER_GENERATE_SWIFT_ASSET_SYMBOL_EXTENSIONS = YES;
				CLANG_ANALYZER_NONNULL = YES;
				CLANG_ANALYZER_NUMBER_OBJECT_CONVERSION = YES_AGGRESSIVE;
				CLANG_CXX_LANGUAGE_STANDARD = "gnu++20";
				CLANG_ENABLE_MODULES = YES;
				CLANG_ENABLE_OBJC_ARC = YES;
				CLANG_ENABLE_OBJC_WEAK = YES;
				CLANG_WARN_BLOCK_CAPTURE_AUTORELEASING = YES;
				CLANG_WARN_BOOL_CONVERSION = YES;
				CLANG_WARN_COMMA = YES;
				CLANG_WARN_CONSTANT_CONVERSION = YES;
				CLANG_WARN_DEPRECATED_OBJC_IMPLEMENTATIONS = YES;
				CLANG_WARN_DIRECT_OBJC_ISA_USAGE = YES_ERROR;
				CLANG_WARN_DOCUMENTATION_COMMENTS = YES;
				CLANG_WARN_EMPTY_BODY = YES;
				CLANG_WARN_ENUM_CONVERSION = YES;
				CLANG_WARN_INFINITE_RECURSION = YES;
				CLANG_WARN_INT_CONVERSION = YES;
				CLANG_WARN_NON_LITERAL_NULL_CONVERSION = YES;
				CLANG_WARN_OBJC_IMPLICIT_RETAIN_SELF = YES;
				CLANG_WARN_OBJC_LITERAL_CONVERSION = YES;
				CLANG_WARN_OBJC_ROOT_CLASS = YES_ERROR;
				CLANG_WARN_QUOTED_INCLUDE_IN_FRAMEWORK_HEADER = YES;
				CLANG_WARN_RANGE_LOOP_ANALYSIS = YES;
				CLANG_WARN_STRICT_PROTOTYPES = YES;
				CLANG_WARN_SUSPICIOUS_MOVE = YES;
				CLANG_WARN_UNGUARDED_AVAILABILITY = YES_AGGRESSIVE;
				CLANG_WARN_UNREACHABLE_CODE = YES;
				CLANG_WARN__DUPLICATE_METHOD_MATCH = YES;
				COPY_PHASE_STRIP = NO;
				DEBUG_INFORMATION_FORMAT = dwarf;
				ENABLE_STRICT_OBJC_MSGSEND = YES;
				ENABLE_TESTABILITY = YES;
				ENABLE_USER_SCRIPT_SANDBOXING = YES;
				GCC_C_LANGUAGE_STANDARD = gnu17;
				GCC_DYNAMIC_NO_PIC = NO;
				GCC_NO_COMMON_BLOCKS = YES;
				GCC_OPTIMIZATION_LEVEL = 0;
				GCC_PREPROCESSOR_DEFINITIONS = (
					"DEBUG=1",
					"$(inherited)",
				);
				GCC_WARN_64_TO_32_BIT_CONVERSION = YES;
				GCC_WARN_ABOUT_RETURN_TYPE = YES_ERROR;
				GCC_WARN_UNDECLARED_SELECTOR = YES;
				GCC_WARN_UNINITIALIZED_AUTOS = YES_AGGRESSIVE;
				GCC_WARN_UNUSED_FUNCTION = YES;
				GCC_WARN_UNUSED_VARIABLE = YES;
				IPHONEOS_DEPLOYMENT_TARGET = 18.0;
				LOCALIZATION_PREFERS_STRING_CATALOGS = YES;
				MTL_ENABLE_DEBUG_INFO = INCLUDE_SOURCE;
				MTL_FAST_MATH = YES;
				ONLY_ACTIVE_ARCH = YES;
				SDKROOT = iphoneos;
				SWIFT_ACTIVE_COMPILATION_CONDITIONS = "DEBUG $(inherited)";
				SWIFT_OPTIMIZATION_LEVEL = "-Onone";
			};
			name = Debug;
		};
		3421DD302CCA1C4C00A6598B /* Release */ = {
			isa = XCBuildConfiguration;
			buildSettings = {
				ALWAYS_SEARCH_USER_PATHS = NO;
				ASSETCATALOG_COMPILER_GENERATE_SWIFT_ASSET_SYMBOL_EXTENSIONS = YES;
				CLANG_ANALYZER_NONNULL = YES;
				CLANG_ANALYZER_NUMBER_OBJECT_CONVERSION = YES_AGGRESSIVE;
				CLANG_CXX_LANGUAGE_STANDARD = "gnu++20";
				CLANG_ENABLE_MODULES = YES;
				CLANG_ENABLE_OBJC_ARC = YES;
				CLANG_ENABLE_OBJC_WEAK = YES;
				CLANG_WARN_BLOCK_CAPTURE_AUTORELEASING = YES;
				CLANG_WARN_BOOL_CONVERSION = YES;
				CLANG_WARN_COMMA = YES;
				CLANG_WARN_CONSTANT_CONVERSION = YES;
				CLANG_WARN_DEPRECATED_OBJC_IMPLEMENTATIONS = YES;
				CLANG_WARN_DIRECT_OBJC_ISA_USAGE = YES_ERROR;
				CLANG_WARN_DOCUMENTATION_COMMENTS = YES;
				CLANG_WARN_EMPTY_BODY = YES;
				CLANG_WARN_ENUM_CONVERSION = YES;
				CLANG_WARN_INFINITE_RECURSION = YES;
				CLANG_WARN_INT_CONVERSION = YES;
				CLANG_WARN_NON_LITERAL_NULL_CONVERSION = YES;
				CLANG_WARN_OBJC_IMPLICIT_RETAIN_SELF = YES;
				CLANG_WARN_OBJC_LITERAL_CONVERSION = YES;
				CLANG_WARN_OBJC_ROOT_CLASS = YES_ERROR;
				CLANG_WARN_QUOTED_INCLUDE_IN_FRAMEWORK_HEADER = YES;
				CLANG_WARN_RANGE_LOOP_ANALYSIS = YES;
				CLANG_WARN_STRICT_PROTOTYPES = YES;
				CLANG_WARN_SUSPICIOUS_MOVE = YES;
				CLANG_WARN_UNGUARDED_AVAILABILITY = YES_AGGRESSIVE;
				CLANG_WARN_UNREACHABLE_CODE = YES;
				CLANG_WARN__DUPLICATE_METHOD_MATCH = YES;
				COPY_PHASE_STRIP = NO;
				DEBUG_INFORMATION_FORMAT = "dwarf-with-dsym";
				ENABLE_NS_ASSERTIONS = NO;
				ENABLE_STRICT_OBJC_MSGSEND = YES;
				ENABLE_USER_SCRIPT_SANDBOXING = YES;
				GCC_C_LANGUAGE_STANDARD = gnu17;
				GCC_NO_COMMON_BLOCKS = YES;
				GCC_WARN_64_TO_32_BIT_CONVERSION = YES;
				GCC_WARN_ABOUT_RETURN_TYPE = YES_ERROR;
				GCC_WARN_UNDECLARED_SELECTOR = YES;
				GCC_WARN_UNINITIALIZED_AUTOS = YES_AGGRESSIVE;
				GCC_WARN_UNUSED_FUNCTION = YES;
				GCC_WARN_UNUSED_VARIABLE = YES;
				IPHONEOS_DEPLOYMENT_TARGET = 18.0;
				LOCALIZATION_PREFERS_STRING_CATALOGS = YES;
				MTL_ENABLE_DEBUG_INFO = NO;
				MTL_FAST_MATH = YES;
				SDKROOT = iphoneos;
				SWIFT_COMPILATION_MODE = wholemodule;
				VALIDATE_PRODUCT = YES;
			};
			name = Release;
		};
		3421DD322CCA1C4C00A6598B /* Debug */ = {
			isa = XCBuildConfiguration;
			buildSettings = {
				ASSETCATALOG_COMPILER_APPICON_NAME = AppIcon;
				ASSETCATALOG_COMPILER_GLOBAL_ACCENT_COLOR_NAME = AccentColor;
				CODE_SIGN_STYLE = Automatic;
				CURRENT_PROJECT_VERSION = 1;
				DEVELOPMENT_ASSET_PATHS = "\"FetchMobileTakeHomeProject/Preview Content\"";
				DEVELOPMENT_TEAM = K43CY7TACG;
				ENABLE_PREVIEWS = YES;
				GENERATE_INFOPLIST_FILE = YES;
				INFOPLIST_KEY_UIApplicationSceneManifest_Generation = YES;
				INFOPLIST_KEY_UIApplicationSupportsIndirectInputEvents = YES;
				INFOPLIST_KEY_UILaunchScreen_Generation = YES;
				INFOPLIST_KEY_UISupportedInterfaceOrientations_iPad = "UIInterfaceOrientationPortrait UIInterfaceOrientationPortraitUpsideDown UIInterfaceOrientationLandscapeLeft UIInterfaceOrientationLandscapeRight";
				INFOPLIST_KEY_UISupportedInterfaceOrientations_iPhone = "UIInterfaceOrientationPortrait UIInterfaceOrientationLandscapeLeft UIInterfaceOrientationLandscapeRight";
				IPHONEOS_DEPLOYMENT_TARGET = 17.6;
				LD_RUNPATH_SEARCH_PATHS = (
					"$(inherited)",
					"@executable_path/Frameworks",
				);
				MARKETING_VERSION = 1.0;
				PRODUCT_BUNDLE_IDENTIFIER = grietzercs.FetchMobileTakeHomeProject;
				PRODUCT_NAME = "$(TARGET_NAME)";
				SWIFT_EMIT_LOC_STRINGS = YES;
				SWIFT_VERSION = 5.0;
				TARGETED_DEVICE_FAMILY = "1,2";
			};
			name = Debug;
		};
		3421DD332CCA1C4C00A6598B /* Release */ = {
			isa = XCBuildConfiguration;
			buildSettings = {
				ASSETCATALOG_COMPILER_APPICON_NAME = AppIcon;
				ASSETCATALOG_COMPILER_GLOBAL_ACCENT_COLOR_NAME = AccentColor;
				CODE_SIGN_STYLE = Automatic;
				CURRENT_PROJECT_VERSION = 1;
				DEVELOPMENT_ASSET_PATHS = "\"FetchMobileTakeHomeProject/Preview Content\"";
				DEVELOPMENT_TEAM = K43CY7TACG;
				ENABLE_PREVIEWS = YES;
				GENERATE_INFOPLIST_FILE = YES;
				INFOPLIST_KEY_UIApplicationSceneManifest_Generation = YES;
				INFOPLIST_KEY_UIApplicationSupportsIndirectInputEvents = YES;
				INFOPLIST_KEY_UILaunchScreen_Generation = YES;
				INFOPLIST_KEY_UISupportedInterfaceOrientations_iPad = "UIInterfaceOrientationPortrait UIInterfaceOrientationPortraitUpsideDown UIInterfaceOrientationLandscapeLeft UIInterfaceOrientationLandscapeRight";
				INFOPLIST_KEY_UISupportedInterfaceOrientations_iPhone = "UIInterfaceOrientationPortrait UIInterfaceOrientationLandscapeLeft UIInterfaceOrientationLandscapeRight";
				IPHONEOS_DEPLOYMENT_TARGET = 17.6;
				LD_RUNPATH_SEARCH_PATHS = (
					"$(inherited)",
					"@executable_path/Frameworks",
				);
				MARKETING_VERSION = 1.0;
				PRODUCT_BUNDLE_IDENTIFIER = grietzercs.FetchMobileTakeHomeProject;
				PRODUCT_NAME = "$(TARGET_NAME)";
				SWIFT_EMIT_LOC_STRINGS = YES;
				SWIFT_VERSION = 5.0;
				TARGETED_DEVICE_FAMILY = "1,2";
			};
			name = Release;
		};
		3421DD352CCA1C4C00A6598B /* Debug */ = {
			isa = XCBuildConfiguration;
			buildSettings = {
				BUNDLE_LOADER = "$(TEST_HOST)";
				CODE_SIGN_STYLE = Automatic;
				CURRENT_PROJECT_VERSION = 1;
				DEVELOPMENT_TEAM = K43CY7TACG;
				GENERATE_INFOPLIST_FILE = YES;
				IPHONEOS_DEPLOYMENT_TARGET = 18.0;
				MARKETING_VERSION = 1.0;
				PRODUCT_BUNDLE_IDENTIFIER = grietzercs.FetchMobileTakeHomeProjectTests;
				PRODUCT_NAME = "$(TARGET_NAME)";
				SWIFT_EMIT_LOC_STRINGS = NO;
				SWIFT_VERSION = 5.0;
				TARGETED_DEVICE_FAMILY = "1,2";
				TEST_HOST = "$(BUILT_PRODUCTS_DIR)/FetchMobileTakeHomeProject.app/$(BUNDLE_EXECUTABLE_FOLDER_PATH)/FetchMobileTakeHomeProject";
			};
			name = Debug;
		};
		3421DD362CCA1C4C00A6598B /* Release */ = {
			isa = XCBuildConfiguration;
			buildSettings = {
				BUNDLE_LOADER = "$(TEST_HOST)";
				CODE_SIGN_STYLE = Automatic;
				CURRENT_PROJECT_VERSION = 1;
				DEVELOPMENT_TEAM = K43CY7TACG;
				GENERATE_INFOPLIST_FILE = YES;
				IPHONEOS_DEPLOYMENT_TARGET = 18.0;
				MARKETING_VERSION = 1.0;
				PRODUCT_BUNDLE_IDENTIFIER = grietzercs.FetchMobileTakeHomeProjectTests;
				PRODUCT_NAME = "$(TARGET_NAME)";
				SWIFT_EMIT_LOC_STRINGS = NO;
				SWIFT_VERSION = 5.0;
				TARGETED_DEVICE_FAMILY = "1,2";
				TEST_HOST = "$(BUILT_PRODUCTS_DIR)/FetchMobileTakeHomeProject.app/$(BUNDLE_EXECUTABLE_FOLDER_PATH)/FetchMobileTakeHomeProject";
			};
			name = Release;
		};
		3421DD382CCA1C4C00A6598B /* Debug */ = {
			isa = XCBuildConfiguration;
			buildSettings = {
				CODE_SIGN_STYLE = Automatic;
				CURRENT_PROJECT_VERSION = 1;
				DEVELOPMENT_TEAM = K43CY7TACG;
				GENERATE_INFOPLIST_FILE = YES;
				MARKETING_VERSION = 1.0;
				PRODUCT_BUNDLE_IDENTIFIER = grietzercs.FetchMobileTakeHomeProjectUITests;
				PRODUCT_NAME = "$(TARGET_NAME)";
				SWIFT_EMIT_LOC_STRINGS = NO;
				SWIFT_VERSION = 5.0;
				TARGETED_DEVICE_FAMILY = "1,2";
				TEST_TARGET_NAME = FetchMobileTakeHomeProject;
			};
			name = Debug;
		};
		3421DD392CCA1C4C00A6598B /* Release */ = {
			isa = XCBuildConfiguration;
			buildSettings = {
				CODE_SIGN_STYLE = Automatic;
				CURRENT_PROJECT_VERSION = 1;
				DEVELOPMENT_TEAM = K43CY7TACG;
				GENERATE_INFOPLIST_FILE = YES;
				MARKETING_VERSION = 1.0;
				PRODUCT_BUNDLE_IDENTIFIER = grietzercs.FetchMobileTakeHomeProjectUITests;
				PRODUCT_NAME = "$(TARGET_NAME)";
				SWIFT_EMIT_LOC_STRINGS = NO;
				SWIFT_VERSION = 5.0;
				TARGETED_DEVICE_FAMILY = "1,2";
				TEST_TARGET_NAME = FetchMobileTakeHomeProject;
			};
			name = Release;
		};
/* End XCBuildConfiguration section */

/* Begin XCConfigurationList section */
		3421DD082CCA1C4A00A6598B /* Build configuration list for PBXProject "FetchMobileTakeHomeProject" */ = {
			isa = XCConfigurationList;
			buildConfigurations = (
				3421DD2F2CCA1C4C00A6598B /* Debug */,
				3421DD302CCA1C4C00A6598B /* Release */,
			);
			defaultConfigurationIsVisible = 0;
			defaultConfigurationName = Release;
		};
		3421DD312CCA1C4C00A6598B /* Build configuration list for PBXNativeTarget "FetchMobileTakeHomeProject" */ = {
			isa = XCConfigurationList;
			buildConfigurations = (
				3421DD322CCA1C4C00A6598B /* Debug */,
				3421DD332CCA1C4C00A6598B /* Release */,
			);
			defaultConfigurationIsVisible = 0;
			defaultConfigurationName = Release;
		};
		3421DD342CCA1C4C00A6598B /* Build configuration list for PBXNativeTarget "FetchMobileTakeHomeProjectTests" */ = {
			isa = XCConfigurationList;
			buildConfigurations = (
				3421DD352CCA1C4C00A6598B /* Debug */,
				3421DD362CCA1C4C00A6598B /* Release */,
			);
			defaultConfigurationIsVisible = 0;
			defaultConfigurationName = Release;
		};
		3421DD372CCA1C4C00A6598B /* Build configuration list for PBXNativeTarget "FetchMobileTakeHomeProjectUITests" */ = {
			isa = XCConfigurationList;
			buildConfigurations = (
				3421DD382CCA1C4C00A6598B /* Debug */,
				3421DD392CCA1C4C00A6598B /* Release */,
			);
			defaultConfigurationIsVisible = 0;
			defaultConfigurationName = Release;
		};
/* End XCConfigurationList section */

/* Begin XCRemoteSwiftPackageReference section */
		3403999E2CCC6C9000AF2AC0 /* XCRemoteSwiftPackageReference "Kingfisher" */ = {
			isa = XCRemoteSwiftPackageReference;
			repositoryURL = "https://github.com/onevcat/Kingfisher.git";
			requirement = {
				kind = upToNextMajorVersion;
				minimumVersion = 8.1.0;
			};
		};
		34C4DD5B2CCA30D200BB856B /* XCRemoteSwiftPackageReference "SwiftSoup" */ = {
			isa = XCRemoteSwiftPackageReference;
			repositoryURL = "https://github.com/scinfu/SwiftSoup";
			requirement = {
				kind = upToNextMinorVersion;
				minimumVersion = 2.7.5;
			};
		};
/* End XCRemoteSwiftPackageReference section */

/* Begin XCSwiftPackageProductDependency section */
		3486D4DF2CCEF7EA00049B63 /* Kingfisher */ = {
			isa = XCSwiftPackageProductDependency;
			package = 3403999E2CCC6C9000AF2AC0 /* XCRemoteSwiftPackageReference "Kingfisher" */;
			productName = Kingfisher;
		};
		34C4DD5C2CCA30D200BB856B /* SwiftSoup */ = {
			isa = XCSwiftPackageProductDependency;
			package = 34C4DD5B2CCA30D200BB856B /* XCRemoteSwiftPackageReference "SwiftSoup" */;
			productName = SwiftSoup;
		};
/* End XCSwiftPackageProductDependency section */
	};
	rootObject = 3421DD052CCA1C4A00A6598B /* Project object */;
}
